// !$*UTF8*$!
{
	archiveVersion = 1;
	classes = {
	};
	objectVersion = 46;
	objects = {

/* Begin PBXBuildFile section */
		0518AB14857820C259BEFA0B /* libPods.a in Frameworks */ = {isa = PBXBuildFile; fileRef = 7748AB15EFA1944510E0D0CC /* libPods.a */; };
		0525377A17F0C58D0084202E /* ThingsToDo.txt in Resources */ = {isa = PBXBuildFile; fileRef = 0525377917F0C58D0084202E /* ThingsToDo.txt */; };
		0529800F1BB5FF1F008B1493 /* Images.xcassets in Resources */ = {isa = PBXBuildFile; fileRef = 0529800E1BB5FF1F008B1493 /* Images.xcassets */; };
		05513AC912F3CCA9003E49DF /* ExerciseListTableViewController.m in Sources */ = {isa = PBXBuildFile; fileRef = 05513AC812F3CCA9003E49DF /* ExerciseListTableViewController.m */; };
		055B38EE1BE0387300FA8DAF /* GoogleService-Info.plist in Resources */ = {isa = PBXBuildFile; fileRef = 055B38ED1BE0387300FA8DAF /* GoogleService-Info.plist */; };
		055F61281E15C132003C2C6C /* NSDate+NSDateComparison.m in Sources */ = {isa = PBXBuildFile; fileRef = 055F61271E15C132003C2C6C /* NSDate+NSDateComparison.m */; };
		05806F4913621F02001C5317 /* WorkOutService.m in Sources */ = {isa = PBXBuildFile; fileRef = 05806F4813621F02001C5317 /* WorkOutService.m */; };
		05822E6E136603E100357408 /* ExerciseGroupService.m in Sources */ = {isa = PBXBuildFile; fileRef = 05822E6D136603E100357408 /* ExerciseGroupService.m */; };
		05822EB413661A1300357408 /* WorkOutSessionService.m in Sources */ = {isa = PBXBuildFile; fileRef = 05822EB313661A1300357408 /* WorkOutSessionService.m */; };
		0583F53B1321E8B7003D206D /* WorkoutList.xcdatamodel in Sources */ = {isa = PBXBuildFile; fileRef = 0583F53A1321E8B7003D206D /* WorkoutList.xcdatamodel */; };
		0583F53F1321E9BA003D206D /* CoreData.framework in Frameworks */ = {isa = PBXBuildFile; fileRef = 0583F53E1321E9BA003D206D /* CoreData.framework */; };
		058410C112F5032900B54241 /* EditRowListTableViewController.m in Sources */ = {isa = PBXBuildFile; fileRef = 058410C012F5032900B54241 /* EditRowListTableViewController.m */; };
		058431111304C76800DC5CF5 /* ExerciseGroup.m in Sources */ = {isa = PBXBuildFile; fileRef = 058431101304C76800DC5CF5 /* ExerciseGroup.m */; };
		05851AF3132D9643009AEB9C /* DatabasePopulator.m in Sources */ = {isa = PBXBuildFile; fileRef = 05851AF2132D9643009AEB9C /* DatabasePopulator.m */; };
		0585C7F4133EA7A9009F084A /* bicep.gif in Resources */ = {isa = PBXBuildFile; fileRef = 0585C7F3133EA7A9009F084A /* bicep.gif */; };
		0585C9A6133EEAC3009F084A /* Security.framework in Frameworks */ = {isa = PBXBuildFile; fileRef = 0585C9A5133EEAC3009F084A /* Security.framework */; };
		0585C9AA133EEAD5009F084A /* SystemConfiguration.framework in Frameworks */ = {isa = PBXBuildFile; fileRef = 0585C9A9133EEAD5009F084A /* SystemConfiguration.framework */; };
		0585DE221332E27A0094C98C /* SessionListTableViewController.m in Sources */ = {isa = PBXBuildFile; fileRef = 0585DE1F1332E27A0094C98C /* SessionListTableViewController.m */; };
		0585DE231332E27A0094C98C /* WorkOut.m in Sources */ = {isa = PBXBuildFile; fileRef = 0585DE211332E27A0094C98C /* WorkOut.m */; };
		0585DE261332E29A0094C98C /* WorkOutSession.m in Sources */ = {isa = PBXBuildFile; fileRef = 0585DE251332E29A0094C98C /* WorkOutSession.m */; };
		058D854012F614D200EDBC90 /* Exercise.m in Sources */ = {isa = PBXBuildFile; fileRef = 058D853F12F614D200EDBC90 /* Exercise.m */; };
		05943C4E1D3AD79A00032593 /* CenteredTableViewCell.m in Sources */ = {isa = PBXBuildFile; fileRef = 05943C4D1D3AD79A00032593 /* CenteredTableViewCell.m */; };
		05957B5E135FB3F1004F1CE4 /* GoogleDataService.m in Sources */ = {isa = PBXBuildFile; fileRef = 05957B5D135FB3F1004F1CE4 /* GoogleDataService.m */; };
		05B3F4D51C659D34008B323A /* LaunchScreen.xib in Resources */ = {isa = PBXBuildFile; fileRef = 05B3F4D41C659D34008B323A /* LaunchScreen.xib */; };
		05CE57721808F55000E5E445 /* ExerciseTableViewCell.m in Sources */ = {isa = PBXBuildFile; fileRef = 05CE57711808F55000E5E445 /* ExerciseTableViewCell.m */; };
		05D2F4AC17F4B80400A68701 /* ManagedObjectContextService.m in Sources */ = {isa = PBXBuildFile; fileRef = 05D2F4AB17F4B80400A68701 /* ManagedObjectContextService.m */; };
		05D2F4B317F4BB1D00A68701 /* FetchEntityService.m in Sources */ = {isa = PBXBuildFile; fileRef = 05D2F4B217F4BB1D00A68701 /* FetchEntityService.m */; };
		05E437E71C290A2F002A2D68 /* CSVFileGenerationService.m in Sources */ = {isa = PBXBuildFile; fileRef = 05E437E61C290A2F002A2D68 /* CSVFileGenerationService.m */; };
		1D3623260D0F684500981E51 /* WorkoutListAppDelegate.m in Sources */ = {isa = PBXBuildFile; fileRef = 1D3623250D0F684500981E51 /* WorkoutListAppDelegate.m */; };
		1D60589B0D05DD56006BFB54 /* main.m in Sources */ = {isa = PBXBuildFile; fileRef = 29B97316FDCFA39411CA2CEA /* main.m */; };
		1D60589F0D05DD5A006BFB54 /* Foundation.framework in Frameworks */ = {isa = PBXBuildFile; fileRef = 1D30AB110D05D00D00671497 /* Foundation.framework */; };
		1DF5F4E00D08C38300B7A737 /* UIKit.framework in Frameworks */ = {isa = PBXBuildFile; fileRef = 1DF5F4DF0D08C38300B7A737 /* UIKit.framework */; };
		2892E4100DC94CBA00A64D0F /* CoreGraphics.framework in Frameworks */ = {isa = PBXBuildFile; fileRef = 2892E40F0DC94CBA00A64D0F /* CoreGraphics.framework */; };
		28AD73600D9D9599002E5188 /* MainWindow.xib in Resources */ = {isa = PBXBuildFile; fileRef = 28AD735F0D9D9599002E5188 /* MainWindow.xib */; };
		28C286E10D94DF7D0034E888 /* RootViewController.m in Sources */ = {isa = PBXBuildFile; fileRef = 28C286E00D94DF7D0034E888 /* RootViewController.m */; };
		28F335F11007B36200424DE2 /* RootViewController.xib in Resources */ = {isa = PBXBuildFile; fileRef = 28F335F01007B36200424DE2 /* RootViewController.xib */; };
		35B37391136896ED000B48C2 /* User.m in Sources */ = {isa = PBXBuildFile; fileRef = 35B37390136896ED000B48C2 /* User.m */; };
		35B3739413689831000B48C2 /* UserService.m in Sources */ = {isa = PBXBuildFile; fileRef = 35B3739313689831000B48C2 /* UserService.m */; };
		35B373C413689D91000B48C2 /* EditUserListTableViewController.m in Sources */ = {isa = PBXBuildFile; fileRef = 35B373C313689D91000B48C2 /* EditUserListTableViewController.m */; };
		35B376281371D325000B48C2 /* ExerciseService.m in Sources */ = {isa = PBXBuildFile; fileRef = 35B376271371D325000B48C2 /* ExerciseService.m */; };
/* End PBXBuildFile section */

/* Begin PBXFileReference section */
		0525377917F0C58D0084202E /* ThingsToDo.txt */ = {isa = PBXFileReference; fileEncoding = 4; lastKnownFileType = text; path = ThingsToDo.txt; sourceTree = "<group>"; };
		0529800E1BB5FF1F008B1493 /* Images.xcassets */ = {isa = PBXFileReference; lastKnownFileType = folder.assetcatalog; name = Images.xcassets; path = WorkoutList/Images.xcassets; sourceTree = "<group>"; };
		05513AC712F3CCA9003E49DF /* ExerciseListTableViewController.h */ = {isa = PBXFileReference; fileEncoding = 4; lastKnownFileType = sourcecode.c.h; path = ExerciseListTableViewController.h; sourceTree = "<group>"; };
		05513AC812F3CCA9003E49DF /* ExerciseListTableViewController.m */ = {isa = PBXFileReference; fileEncoding = 4; lastKnownFileType = sourcecode.c.objc; path = ExerciseListTableViewController.m; sourceTree = "<group>"; };
		055B38ED1BE0387300FA8DAF /* GoogleService-Info.plist */ = {isa = PBXFileReference; fileEncoding = 4; lastKnownFileType = text.plist.xml; path = "GoogleService-Info.plist"; sourceTree = "<group>"; };
		055F61261E15C132003C2C6C /* NSDate+NSDateComparison.h */ = {isa = PBXFileReference; fileEncoding = 4; lastKnownFileType = sourcecode.c.h; path = "NSDate+NSDateComparison.h"; sourceTree = "<group>"; };
		055F61271E15C132003C2C6C /* NSDate+NSDateComparison.m */ = {isa = PBXFileReference; fileEncoding = 4; lastKnownFileType = sourcecode.c.objc; path = "NSDate+NSDateComparison.m"; sourceTree = "<group>"; };
		05806F4713621F02001C5317 /* WorkOutService.h */ = {isa = PBXFileReference; fileEncoding = 4; lastKnownFileType = sourcecode.c.h; path = WorkOutService.h; sourceTree = "<group>"; };
		05806F4813621F02001C5317 /* WorkOutService.m */ = {isa = PBXFileReference; fileEncoding = 4; lastKnownFileType = sourcecode.c.objc; path = WorkOutService.m; sourceTree = "<group>"; };
		05822E6C136603E100357408 /* ExerciseGroupService.h */ = {isa = PBXFileReference; fileEncoding = 4; lastKnownFileType = sourcecode.c.h; path = ExerciseGroupService.h; sourceTree = "<group>"; };
		05822E6D136603E100357408 /* ExerciseGroupService.m */ = {isa = PBXFileReference; fileEncoding = 4; lastKnownFileType = sourcecode.c.objc; path = ExerciseGroupService.m; sourceTree = "<group>"; };
		05822EB213661A1300357408 /* WorkOutSessionService.h */ = {isa = PBXFileReference; fileEncoding = 4; lastKnownFileType = sourcecode.c.h; path = WorkOutSessionService.h; sourceTree = "<group>"; };
		05822EB313661A1300357408 /* WorkOutSessionService.m */ = {isa = PBXFileReference; fileEncoding = 4; lastKnownFileType = sourcecode.c.objc; path = WorkOutSessionService.m; sourceTree = "<group>"; };
		0583F53A1321E8B7003D206D /* WorkoutList.xcdatamodel */ = {isa = PBXFileReference; fileEncoding = 4; lastKnownFileType = wrapper.xcdatamodel; path = WorkoutList.xcdatamodel; sourceTree = "<group>"; };
		0583F53E1321E9BA003D206D /* CoreData.framework */ = {isa = PBXFileReference; lastKnownFileType = wrapper.framework; name = CoreData.framework; path = System/Library/Frameworks/CoreData.framework; sourceTree = SDKROOT; };
		058410BF12F5032900B54241 /* EditRowListTableViewController.h */ = {isa = PBXFileReference; fileEncoding = 4; lastKnownFileType = sourcecode.c.h; path = EditRowListTableViewController.h; sourceTree = "<group>"; };
		058410C012F5032900B54241 /* EditRowListTableViewController.m */ = {isa = PBXFileReference; fileEncoding = 4; lastKnownFileType = sourcecode.c.objc; path = EditRowListTableViewController.m; sourceTree = "<group>"; };
		0584310F1304C76800DC5CF5 /* ExerciseGroup.h */ = {isa = PBXFileReference; fileEncoding = 4; lastKnownFileType = sourcecode.c.h; path = ExerciseGroup.h; sourceTree = "<group>"; };
		058431101304C76800DC5CF5 /* ExerciseGroup.m */ = {isa = PBXFileReference; fileEncoding = 4; lastKnownFileType = sourcecode.c.objc; path = ExerciseGroup.m; sourceTree = "<group>"; };
		05851AF1132D9643009AEB9C /* DatabasePopulator.h */ = {isa = PBXFileReference; fileEncoding = 4; lastKnownFileType = sourcecode.c.h; path = DatabasePopulator.h; sourceTree = "<group>"; };
		05851AF2132D9643009AEB9C /* DatabasePopulator.m */ = {isa = PBXFileReference; fileEncoding = 4; lastKnownFileType = sourcecode.c.objc; path = DatabasePopulator.m; sourceTree = "<group>"; };
		0585C7F3133EA7A9009F084A /* bicep.gif */ = {isa = PBXFileReference; lastKnownFileType = image.gif; path = bicep.gif; sourceTree = "<group>"; };
		0585C9A5133EEAC3009F084A /* Security.framework */ = {isa = PBXFileReference; lastKnownFileType = wrapper.framework; name = Security.framework; path = System/Library/Frameworks/Security.framework; sourceTree = SDKROOT; };
		0585C9A9133EEAD5009F084A /* SystemConfiguration.framework */ = {isa = PBXFileReference; lastKnownFileType = wrapper.framework; name = SystemConfiguration.framework; path = System/Library/Frameworks/SystemConfiguration.framework; sourceTree = SDKROOT; };
		0585DE1E1332E27A0094C98C /* SessionListTableViewController.h */ = {isa = PBXFileReference; fileEncoding = 4; lastKnownFileType = sourcecode.c.h; path = SessionListTableViewController.h; sourceTree = "<group>"; };
		0585DE1F1332E27A0094C98C /* SessionListTableViewController.m */ = {isa = PBXFileReference; fileEncoding = 4; lastKnownFileType = sourcecode.c.objc; path = SessionListTableViewController.m; sourceTree = "<group>"; };
		0585DE201332E27A0094C98C /* WorkOut.h */ = {isa = PBXFileReference; fileEncoding = 4; lastKnownFileType = sourcecode.c.h; path = WorkOut.h; sourceTree = "<group>"; };
		0585DE211332E27A0094C98C /* WorkOut.m */ = {isa = PBXFileReference; fileEncoding = 4; lastKnownFileType = sourcecode.c.objc; path = WorkOut.m; sourceTree = "<group>"; };
		0585DE241332E29A0094C98C /* WorkOutSession.h */ = {isa = PBXFileReference; fileEncoding = 4; lastKnownFileType = sourcecode.c.h; path = WorkOutSession.h; sourceTree = "<group>"; };
		0585DE251332E29A0094C98C /* WorkOutSession.m */ = {isa = PBXFileReference; fileEncoding = 4; lastKnownFileType = sourcecode.c.objc; path = WorkOutSession.m; sourceTree = "<group>"; };
		058D853E12F614D200EDBC90 /* Exercise.h */ = {isa = PBXFileReference; fileEncoding = 4; lastKnownFileType = sourcecode.c.h; path = Exercise.h; sourceTree = "<group>"; };
		058D853F12F614D200EDBC90 /* Exercise.m */ = {isa = PBXFileReference; fileEncoding = 4; lastKnownFileType = sourcecode.c.objc; path = Exercise.m; sourceTree = "<group>"; };
		05943C4C1D3AD79A00032593 /* CenteredTableViewCell.h */ = {isa = PBXFileReference; fileEncoding = 4; lastKnownFileType = sourcecode.c.h; path = CenteredTableViewCell.h; sourceTree = "<group>"; };
		05943C4D1D3AD79A00032593 /* CenteredTableViewCell.m */ = {isa = PBXFileReference; fileEncoding = 4; lastKnownFileType = sourcecode.c.objc; path = CenteredTableViewCell.m; sourceTree = "<group>"; };
		05957B5C135FB3F1004F1CE4 /* GoogleDataService.h */ = {isa = PBXFileReference; fileEncoding = 4; lastKnownFileType = sourcecode.c.h; path = GoogleDataService.h; sourceTree = "<group>"; };
		05957B5D135FB3F1004F1CE4 /* GoogleDataService.m */ = {isa = PBXFileReference; fileEncoding = 4; lastKnownFileType = sourcecode.c.objc; path = GoogleDataService.m; sourceTree = "<group>"; };
		05B3F4D41C659D34008B323A /* LaunchScreen.xib */ = {isa = PBXFileReference; fileEncoding = 4; lastKnownFileType = file.xib; path = LaunchScreen.xib; sourceTree = "<group>"; };
		05CE57701808F55000E5E445 /* ExerciseTableViewCell.h */ = {isa = PBXFileReference; fileEncoding = 4; lastKnownFileType = sourcecode.c.h; path = ExerciseTableViewCell.h; sourceTree = "<group>"; };
		05CE57711808F55000E5E445 /* ExerciseTableViewCell.m */ = {isa = PBXFileReference; fileEncoding = 4; lastKnownFileType = sourcecode.c.objc; path = ExerciseTableViewCell.m; sourceTree = "<group>"; };
		05D2F4AA17F4B80400A68701 /* ManagedObjectContextService.h */ = {isa = PBXFileReference; fileEncoding = 4; lastKnownFileType = sourcecode.c.h; path = ManagedObjectContextService.h; sourceTree = "<group>"; };
		05D2F4AB17F4B80400A68701 /* ManagedObjectContextService.m */ = {isa = PBXFileReference; fileEncoding = 4; lastKnownFileType = sourcecode.c.objc; path = ManagedObjectContextService.m; sourceTree = "<group>"; };
		05D2F4B117F4BB1D00A68701 /* FetchEntityService.h */ = {isa = PBXFileReference; fileEncoding = 4; lastKnownFileType = sourcecode.c.h; path = FetchEntityService.h; sourceTree = "<group>"; };
		05D2F4B217F4BB1D00A68701 /* FetchEntityService.m */ = {isa = PBXFileReference; fileEncoding = 4; lastKnownFileType = sourcecode.c.objc; path = FetchEntityService.m; sourceTree = "<group>"; };
		05E437E51C290A2F002A2D68 /* CSVFileGenerationService.h */ = {isa = PBXFileReference; fileEncoding = 4; lastKnownFileType = sourcecode.c.h; path = CSVFileGenerationService.h; sourceTree = "<group>"; };
		05E437E61C290A2F002A2D68 /* CSVFileGenerationService.m */ = {isa = PBXFileReference; fileEncoding = 4; lastKnownFileType = sourcecode.c.objc; path = CSVFileGenerationService.m; sourceTree = "<group>"; };
		1D30AB110D05D00D00671497 /* Foundation.framework */ = {isa = PBXFileReference; lastKnownFileType = wrapper.framework; name = Foundation.framework; path = System/Library/Frameworks/Foundation.framework; sourceTree = SDKROOT; };
		1D3623240D0F684500981E51 /* WorkoutListAppDelegate.h */ = {isa = PBXFileReference; fileEncoding = 4; lastKnownFileType = sourcecode.c.h; path = WorkoutListAppDelegate.h; sourceTree = "<group>"; };
		1D3623250D0F684500981E51 /* WorkoutListAppDelegate.m */ = {isa = PBXFileReference; fileEncoding = 4; lastKnownFileType = sourcecode.c.objc; path = WorkoutListAppDelegate.m; sourceTree = "<group>"; };
		1D6058910D05DD3D006BFB54 /* WorkoutList.app */ = {isa = PBXFileReference; explicitFileType = wrapper.application; includeInIndex = 0; path = WorkoutList.app; sourceTree = BUILT_PRODUCTS_DIR; };
		1DF5F4DF0D08C38300B7A737 /* UIKit.framework */ = {isa = PBXFileReference; lastKnownFileType = wrapper.framework; name = UIKit.framework; path = System/Library/Frameworks/UIKit.framework; sourceTree = SDKROOT; };
		2892E40F0DC94CBA00A64D0F /* CoreGraphics.framework */ = {isa = PBXFileReference; lastKnownFileType = wrapper.framework; name = CoreGraphics.framework; path = System/Library/Frameworks/CoreGraphics.framework; sourceTree = SDKROOT; };
		28A0AAE50D9B0CCF005BE974 /* WorkoutList_Prefix.pch */ = {isa = PBXFileReference; fileEncoding = 4; lastKnownFileType = sourcecode.c.h; path = WorkoutList_Prefix.pch; sourceTree = "<group>"; };
		28AD735F0D9D9599002E5188 /* MainWindow.xib */ = {isa = PBXFileReference; lastKnownFileType = file.xib; path = MainWindow.xib; sourceTree = "<group>"; };
		28C286DF0D94DF7D0034E888 /* RootViewController.h */ = {isa = PBXFileReference; fileEncoding = 4; lastKnownFileType = sourcecode.c.h; path = RootViewController.h; sourceTree = "<group>"; };
		28C286E00D94DF7D0034E888 /* RootViewController.m */ = {isa = PBXFileReference; fileEncoding = 4; lastKnownFileType = sourcecode.c.objc; path = RootViewController.m; sourceTree = "<group>"; };
		28F335F01007B36200424DE2 /* RootViewController.xib */ = {isa = PBXFileReference; lastKnownFileType = file.xib; path = RootViewController.xib; sourceTree = "<group>"; };
		29B97316FDCFA39411CA2CEA /* main.m */ = {isa = PBXFileReference; fileEncoding = 4; lastKnownFileType = sourcecode.c.objc; path = main.m; sourceTree = "<group>"; };
		35B3738F136896ED000B48C2 /* User.h */ = {isa = PBXFileReference; fileEncoding = 4; lastKnownFileType = sourcecode.c.h; path = User.h; sourceTree = "<group>"; };
		35B37390136896ED000B48C2 /* User.m */ = {isa = PBXFileReference; fileEncoding = 4; lastKnownFileType = sourcecode.c.objc; path = User.m; sourceTree = "<group>"; };
		35B3739213689831000B48C2 /* UserService.h */ = {isa = PBXFileReference; fileEncoding = 4; lastKnownFileType = sourcecode.c.h; path = UserService.h; sourceTree = "<group>"; };
		35B3739313689831000B48C2 /* UserService.m */ = {isa = PBXFileReference; fileEncoding = 4; lastKnownFileType = sourcecode.c.objc; path = UserService.m; sourceTree = "<group>"; };
		35B373C213689D91000B48C2 /* EditUserListTableViewController.h */ = {isa = PBXFileReference; fileEncoding = 4; lastKnownFileType = sourcecode.c.h; path = EditUserListTableViewController.h; sourceTree = "<group>"; };
		35B373C313689D91000B48C2 /* EditUserListTableViewController.m */ = {isa = PBXFileReference; fileEncoding = 4; lastKnownFileType = sourcecode.c.objc; path = EditUserListTableViewController.m; sourceTree = "<group>"; };
		35B376261371D325000B48C2 /* ExerciseService.h */ = {isa = PBXFileReference; fileEncoding = 4; lastKnownFileType = sourcecode.c.h; path = ExerciseService.h; sourceTree = "<group>"; };
		35B376271371D325000B48C2 /* ExerciseService.m */ = {isa = PBXFileReference; fileEncoding = 4; lastKnownFileType = sourcecode.c.objc; path = ExerciseService.m; sourceTree = "<group>"; };
		54A2ACC6D3AAC2A4680F58A8 /* Pods.beta.xcconfig */ = {isa = PBXFileReference; includeInIndex = 1; lastKnownFileType = text.xcconfig; name = Pods.beta.xcconfig; path = "Pods/Target Support Files/Pods/Pods.beta.xcconfig"; sourceTree = "<group>"; };
		7748AB15EFA1944510E0D0CC /* libPods.a */ = {isa = PBXFileReference; explicitFileType = archive.ar; includeInIndex = 0; path = libPods.a; sourceTree = BUILT_PRODUCTS_DIR; };
		8D1107310486CEB800E47090 /* WorkoutList-Info.plist */ = {isa = PBXFileReference; fileEncoding = 4; lastKnownFileType = text.plist.xml; path = "WorkoutList-Info.plist"; plistStructureDefinitionIdentifier = "com.apple.xcode.plist.structure-definition.iphone.info-plist"; sourceTree = "<group>"; };
		C7D268819155A1060AE1EB86 /* Pods.debug.xcconfig */ = {isa = PBXFileReference; includeInIndex = 1; lastKnownFileType = text.xcconfig; name = Pods.debug.xcconfig; path = "Pods/Target Support Files/Pods/Pods.debug.xcconfig"; sourceTree = "<group>"; };
		E888A5499DC6DF3A73FFBD05 /* Pods.release.xcconfig */ = {isa = PBXFileReference; includeInIndex = 1; lastKnownFileType = text.xcconfig; name = Pods.release.xcconfig; path = "Pods/Target Support Files/Pods/Pods.release.xcconfig"; sourceTree = "<group>"; };
/* End PBXFileReference section */

/* Begin PBXFrameworksBuildPhase section */
		1D60588F0D05DD3D006BFB54 /* Frameworks */ = {
			isa = PBXFrameworksBuildPhase;
			buildActionMask = 2147483647;
			files = (
				1D60589F0D05DD5A006BFB54 /* Foundation.framework in Frameworks */,
				1DF5F4E00D08C38300B7A737 /* UIKit.framework in Frameworks */,
				2892E4100DC94CBA00A64D0F /* CoreGraphics.framework in Frameworks */,
				0583F53F1321E9BA003D206D /* CoreData.framework in Frameworks */,
				0585C9A6133EEAC3009F084A /* Security.framework in Frameworks */,
				0585C9AA133EEAD5009F084A /* SystemConfiguration.framework in Frameworks */,
				0518AB14857820C259BEFA0B /* libPods.a in Frameworks */,
			);
			runOnlyForDeploymentPostprocessing = 0;
		};
/* End PBXFrameworksBuildPhase section */

/* Begin PBXGroup section */
		05999A0113722EAB00EBB42F /* DomainObjects */ = {
			isa = PBXGroup;
			children = (
				0584310F1304C76800DC5CF5 /* ExerciseGroup.h */,
				058431101304C76800DC5CF5 /* ExerciseGroup.m */,
				0585DE241332E29A0094C98C /* WorkOutSession.h */,
				0585DE251332E29A0094C98C /* WorkOutSession.m */,
				058D853E12F614D200EDBC90 /* Exercise.h */,
				058D853F12F614D200EDBC90 /* Exercise.m */,
				0585DE201332E27A0094C98C /* WorkOut.h */,
				0585DE211332E27A0094C98C /* WorkOut.m */,
				35B3738F136896ED000B48C2 /* User.h */,
				35B37390136896ED000B48C2 /* User.m */,
			);
			name = DomainObjects;
			sourceTree = "<group>";
		};
		05CE576B1808F4FB00E5E445 /* TableViewCells */ = {
			isa = PBXGroup;
			children = (
				05CE57701808F55000E5E445 /* ExerciseTableViewCell.h */,
				05CE57711808F55000E5E445 /* ExerciseTableViewCell.m */,
				05943C4C1D3AD79A00032593 /* CenteredTableViewCell.h */,
				05943C4D1D3AD79A00032593 /* CenteredTableViewCell.m */,
			);
			name = TableViewCells;
			sourceTree = "<group>";
		};
		080E96DDFE201D6D7F000001 /* Classes */ = {
			isa = PBXGroup;
			children = (
				05999A0113722EAB00EBB42F /* DomainObjects */,
				35B376351371D54C000B48C2 /* Services */,
				05CE576B1808F4FB00E5E445 /* TableViewCells */,
				0585DE1E1332E27A0094C98C /* SessionListTableViewController.h */,
				0585DE1F1332E27A0094C98C /* SessionListTableViewController.m */,
				28C286DF0D94DF7D0034E888 /* RootViewController.h */,
				28C286E00D94DF7D0034E888 /* RootViewController.m */,
				1D3623240D0F684500981E51 /* WorkoutListAppDelegate.h */,
				1D3623250D0F684500981E51 /* WorkoutListAppDelegate.m */,
				05513AC712F3CCA9003E49DF /* ExerciseListTableViewController.h */,
				05513AC812F3CCA9003E49DF /* ExerciseListTableViewController.m */,
				058410BF12F5032900B54241 /* EditRowListTableViewController.h */,
				058410C012F5032900B54241 /* EditRowListTableViewController.m */,
				05851AF1132D9643009AEB9C /* DatabasePopulator.h */,
				05851AF2132D9643009AEB9C /* DatabasePopulator.m */,
				35B373C213689D91000B48C2 /* EditUserListTableViewController.h */,
				35B373C313689D91000B48C2 /* EditUserListTableViewController.m */,
				05B3F4D41C659D34008B323A /* LaunchScreen.xib */,
			);
			path = Classes;
			sourceTree = "<group>";
		};
		19C28FACFE9D520D11CA2CBB /* Products */ = {
			isa = PBXGroup;
			children = (
				1D6058910D05DD3D006BFB54 /* WorkoutList.app */,
			);
			name = Products;
			sourceTree = "<group>";
		};
		29B97314FDCFA39411CA2CEA /* CustomTemplate */ = {
			isa = PBXGroup;
			children = (
				080E96DDFE201D6D7F000001 /* Classes */,
				29B97315FDCFA39411CA2CEA /* Other Sources */,
				29B97317FDCFA39411CA2CEA /* Resources */,
				29B97323FDCFA39411CA2CEA /* Frameworks */,
				19C28FACFE9D520D11CA2CBB /* Products */,
				81D0F4733E7799A8EA3028BB /* Pods */,
			);
			name = CustomTemplate;
			sourceTree = "<group>";
		};
		29B97315FDCFA39411CA2CEA /* Other Sources */ = {
			isa = PBXGroup;
			children = (
				28A0AAE50D9B0CCF005BE974 /* WorkoutList_Prefix.pch */,
				29B97316FDCFA39411CA2CEA /* main.m */,
			);
			name = "Other Sources";
			sourceTree = "<group>";
		};
		29B97317FDCFA39411CA2CEA /* Resources */ = {
			isa = PBXGroup;
			children = (
				055B38ED1BE0387300FA8DAF /* GoogleService-Info.plist */,
				0529800E1BB5FF1F008B1493 /* Images.xcassets */,
				0585C7F3133EA7A9009F084A /* bicep.gif */,
				28AD735F0D9D9599002E5188 /* MainWindow.xib */,
				28F335F01007B36200424DE2 /* RootViewController.xib */,
				0525377917F0C58D0084202E /* ThingsToDo.txt */,
				8D1107310486CEB800E47090 /* WorkoutList-Info.plist */,
				0583F53A1321E8B7003D206D /* WorkoutList.xcdatamodel */,
			);
			name = Resources;
			sourceTree = "<group>";
		};
		29B97323FDCFA39411CA2CEA /* Frameworks */ = {
			isa = PBXGroup;
			children = (
				1DF5F4DF0D08C38300B7A737 /* UIKit.framework */,
				1D30AB110D05D00D00671497 /* Foundation.framework */,
				2892E40F0DC94CBA00A64D0F /* CoreGraphics.framework */,
				0583F53E1321E9BA003D206D /* CoreData.framework */,
				0585C9A5133EEAC3009F084A /* Security.framework */,
				0585C9A9133EEAD5009F084A /* SystemConfiguration.framework */,
				7748AB15EFA1944510E0D0CC /* libPods.a */,
			);
			name = Frameworks;
			sourceTree = "<group>";
		};
		35B376351371D54C000B48C2 /* Services */ = {
			isa = PBXGroup;
			children = (
				35B376261371D325000B48C2 /* ExerciseService.h */,
				35B376271371D325000B48C2 /* ExerciseService.m */,
				05822E6C136603E100357408 /* ExerciseGroupService.h */,
				05822E6D136603E100357408 /* ExerciseGroupService.m */,
				05D2F4B117F4BB1D00A68701 /* FetchEntityService.h */,
				05D2F4B217F4BB1D00A68701 /* FetchEntityService.m */,
				05957B5C135FB3F1004F1CE4 /* GoogleDataService.h */,
				05957B5D135FB3F1004F1CE4 /* GoogleDataService.m */,
				05D2F4AA17F4B80400A68701 /* ManagedObjectContextService.h */,
				05D2F4AB17F4B80400A68701 /* ManagedObjectContextService.m */,
				35B3739213689831000B48C2 /* UserService.h */,
				35B3739313689831000B48C2 /* UserService.m */,
				05806F4713621F02001C5317 /* WorkOutService.h */,
				05806F4813621F02001C5317 /* WorkOutService.m */,
				05822EB213661A1300357408 /* WorkOutSessionService.h */,
				05822EB313661A1300357408 /* WorkOutSessionService.m */,
				05E437E51C290A2F002A2D68 /* CSVFileGenerationService.h */,
				05E437E61C290A2F002A2D68 /* CSVFileGenerationService.m */,
				055F61261E15C132003C2C6C /* NSDate+NSDateComparison.h */,
				055F61271E15C132003C2C6C /* NSDate+NSDateComparison.m */,
			);
			name = Services;
			sourceTree = "<group>";
		};
		81D0F4733E7799A8EA3028BB /* Pods */ = {
			isa = PBXGroup;
			children = (
				C7D268819155A1060AE1EB86 /* Pods.debug.xcconfig */,
				E888A5499DC6DF3A73FFBD05 /* Pods.release.xcconfig */,
				54A2ACC6D3AAC2A4680F58A8 /* Pods.beta.xcconfig */,
			);
			name = Pods;
			sourceTree = "<group>";
		};
/* End PBXGroup section */

/* Begin PBXNativeTarget section */
		1D6058900D05DD3D006BFB54 /* WorkoutList */ = {
			isa = PBXNativeTarget;
			buildConfigurationList = 1D6058960D05DD3E006BFB54 /* Build configuration list for PBXNativeTarget "WorkoutList" */;
			buildPhases = (
				E9C98D594DC3D05F0E7C583E /* Check Pods Manifest.lock */,
				1D60588D0D05DD3D006BFB54 /* Resources */,
				1D60588E0D05DD3D006BFB54 /* Sources */,
				1D60588F0D05DD3D006BFB54 /* Frameworks */,
				3979D8B57C932B6B3DB3559A /* Embed Pods Frameworks */,
				15870D9D799AF52CD8F06E5E /* Copy Pods Resources */,
			);
			buildRules = (
			);
			dependencies = (
			);
			name = WorkoutList;
			productName = WorkoutList;
			productReference = 1D6058910D05DD3D006BFB54 /* WorkoutList.app */;
			productType = "com.apple.product-type.application";
		};
/* End PBXNativeTarget section */

/* Begin PBXProject section */
		29B97313FDCFA39411CA2CEA /* Project object */ = {
			isa = PBXProject;
			attributes = {
				LastUpgradeCheck = 0920;
				TargetAttributes = {
					1D6058900D05DD3D006BFB54 = {
						DevelopmentTeam = GEK772SQ7W;
					};
				};
			};
			buildConfigurationList = C01FCF4E08A954540054247B /* Build configuration list for PBXProject "WorkoutList" */;
			compatibilityVersion = "Xcode 3.2";
			developmentRegion = English;
			hasScannedForEncodings = 1;
			knownRegions = (
				English,
				Japanese,
				French,
				German,
				en,
				Base,
			);
			mainGroup = 29B97314FDCFA39411CA2CEA /* CustomTemplate */;
			projectDirPath = "";
			projectRoot = "";
			targets = (
				1D6058900D05DD3D006BFB54 /* WorkoutList */,
			);
		};
/* End PBXProject section */

/* Begin PBXResourcesBuildPhase section */
		1D60588D0D05DD3D006BFB54 /* Resources */ = {
			isa = PBXResourcesBuildPhase;
			buildActionMask = 2147483647;
			files = (
				28AD73600D9D9599002E5188 /* MainWindow.xib in Resources */,
				28F335F11007B36200424DE2 /* RootViewController.xib in Resources */,
				0529800F1BB5FF1F008B1493 /* Images.xcassets in Resources */,
				05B3F4D51C659D34008B323A /* LaunchScreen.xib in Resources */,
				0585C7F4133EA7A9009F084A /* bicep.gif in Resources */,
				0525377A17F0C58D0084202E /* ThingsToDo.txt in Resources */,
				055B38EE1BE0387300FA8DAF /* GoogleService-Info.plist in Resources */,
			);
			runOnlyForDeploymentPostprocessing = 0;
		};
/* End PBXResourcesBuildPhase section */

/* Begin PBXShellScriptBuildPhase section */
		15870D9D799AF52CD8F06E5E /* Copy Pods Resources */ = {
			isa = PBXShellScriptBuildPhase;
			buildActionMask = 2147483647;
			files = (
			);
			inputPaths = (
			);
			name = "Copy Pods Resources";
			outputPaths = (
			);
			runOnlyForDeploymentPostprocessing = 0;
			shellPath = /bin/sh;
			shellScript = "\"${SRCROOT}/Pods/Target Support Files/Pods/Pods-resources.sh\"\n";
			showEnvVarsInLog = 0;
		};
		3979D8B57C932B6B3DB3559A /* Embed Pods Frameworks */ = {
			isa = PBXShellScriptBuildPhase;
			buildActionMask = 2147483647;
			files = (
			);
			inputPaths = (
			);
			name = "Embed Pods Frameworks";
			outputPaths = (
			);
			runOnlyForDeploymentPostprocessing = 0;
			shellPath = /bin/sh;
			shellScript = "\"${SRCROOT}/Pods/Target Support Files/Pods/Pods-frameworks.sh\"\n";
			showEnvVarsInLog = 0;
		};
		E9C98D594DC3D05F0E7C583E /* Check Pods Manifest.lock */ = {
			isa = PBXShellScriptBuildPhase;
			buildActionMask = 2147483647;
			files = (
			);
			inputPaths = (
			);
			name = "Check Pods Manifest.lock";
			outputPaths = (
			);
			runOnlyForDeploymentPostprocessing = 0;
			shellPath = /bin/sh;
			shellScript = "diff \"${PODS_ROOT}/../Podfile.lock\" \"${PODS_ROOT}/Manifest.lock\" > /dev/null\nif [[ $? != 0 ]] ; then\n    cat << EOM\nerror: The sandbox is not in sync with the Podfile.lock. Run 'pod install' or update your CocoaPods installation.\nEOM\n    exit 1\nfi\n";
			showEnvVarsInLog = 0;
		};
/* End PBXShellScriptBuildPhase section */

/* Begin PBXSourcesBuildPhase section */
		1D60588E0D05DD3D006BFB54 /* Sources */ = {
			isa = PBXSourcesBuildPhase;
			buildActionMask = 2147483647;
			files = (
				1D60589B0D05DD56006BFB54 /* main.m in Sources */,
				1D3623260D0F684500981E51 /* WorkoutListAppDelegate.m in Sources */,
				28C286E10D94DF7D0034E888 /* RootViewController.m in Sources */,
				05D2F4AC17F4B80400A68701 /* ManagedObjectContextService.m in Sources */,
				05CE57721808F55000E5E445 /* ExerciseTableViewCell.m in Sources */,
				05513AC912F3CCA9003E49DF /* ExerciseListTableViewController.m in Sources */,
				05E437E71C290A2F002A2D68 /* CSVFileGenerationService.m in Sources */,
				058410C112F5032900B54241 /* EditRowListTableViewController.m in Sources */,
				058D854012F614D200EDBC90 /* Exercise.m in Sources */,
				05943C4E1D3AD79A00032593 /* CenteredTableViewCell.m in Sources */,
				058431111304C76800DC5CF5 /* ExerciseGroup.m in Sources */,
				0583F53B1321E8B7003D206D /* WorkoutList.xcdatamodel in Sources */,
				05851AF3132D9643009AEB9C /* DatabasePopulator.m in Sources */,
				0585DE221332E27A0094C98C /* SessionListTableViewController.m in Sources */,
				0585DE231332E27A0094C98C /* WorkOut.m in Sources */,
				0585DE261332E29A0094C98C /* WorkOutSession.m in Sources */,
				05D2F4B317F4BB1D00A68701 /* FetchEntityService.m in Sources */,
				05957B5E135FB3F1004F1CE4 /* GoogleDataService.m in Sources */,
				05806F4913621F02001C5317 /* WorkOutService.m in Sources */,
				05822E6E136603E100357408 /* ExerciseGroupService.m in Sources */,
				05822EB413661A1300357408 /* WorkOutSessionService.m in Sources */,
				35B37391136896ED000B48C2 /* User.m in Sources */,
				35B3739413689831000B48C2 /* UserService.m in Sources */,
				35B373C413689D91000B48C2 /* EditUserListTableViewController.m in Sources */,
				055F61281E15C132003C2C6C /* NSDate+NSDateComparison.m in Sources */,
				35B376281371D325000B48C2 /* ExerciseService.m in Sources */,
			);
			runOnlyForDeploymentPostprocessing = 0;
		};
/* End PBXSourcesBuildPhase section */

/* Begin XCBuildConfiguration section */
		052980081BB5F8BA008B1493 /* Beta */ = {
			isa = XCBuildConfiguration;
			buildSettings = {
				CLANG_ANALYZER_LOCALIZABILITY_NONLOCALIZED = YES;
				CLANG_WARN_BLOCK_CAPTURE_AUTORELEASING = YES;
				CLANG_WARN_BOOL_CONVERSION = YES;
				CLANG_WARN_COMMA = YES;
				CLANG_WARN_CONSTANT_CONVERSION = YES;
				CLANG_WARN_EMPTY_BODY = YES;
				CLANG_WARN_ENUM_CONVERSION = YES;
				CLANG_WARN_INFINITE_RECURSION = YES;
				CLANG_WARN_INT_CONVERSION = YES;
				CLANG_WARN_NON_LITERAL_NULL_CONVERSION = YES;
				CLANG_WARN_OBJC_LITERAL_CONVERSION = YES;
				CLANG_WARN_RANGE_LOOP_ANALYSIS = YES;
				CLANG_WARN_STRICT_PROTOTYPES = YES;
				CLANG_WARN_SUSPICIOUS_MOVE = YES;
				CLANG_WARN_UNREACHABLE_CODE = YES;
				CLANG_WARN__DUPLICATE_METHOD_MATCH = YES;
				CODE_SIGN_IDENTITY = "";
				"CODE_SIGN_IDENTITY[sdk=iphoneos*]" = "";
				ENABLE_STRICT_OBJC_MSGSEND = YES;
				GCC_C_LANGUAGE_STANDARD = c99;
				GCC_NO_COMMON_BLOCKS = YES;
				GCC_WARN_64_TO_32_BIT_CONVERSION = YES;
				GCC_WARN_ABOUT_RETURN_TYPE = YES;
				GCC_WARN_UNDECLARED_SELECTOR = YES;
				GCC_WARN_UNINITIALIZED_AUTOS = YES;
				GCC_WARN_UNUSED_FUNCTION = YES;
				GCC_WARN_UNUSED_VARIABLE = YES;
				IPHONEOS_DEPLOYMENT_TARGET = 8.0;
				OTHER_CFLAGS = "-DNS_BLOCK_ASSERTIONS=1";
				PROVISIONING_PROFILE = "";
				SDKROOT = iphoneos;
			};
			name = Beta;
		};
		052980091BB5F8BA008B1493 /* Beta */ = {
			isa = XCBuildConfiguration;
			baseConfigurationReference = 54A2ACC6D3AAC2A4680F58A8 /* Pods.beta.xcconfig */;
			buildSettings = {
				ALWAYS_SEARCH_USER_PATHS = NO;
				ASSETCATALOG_COMPILER_APPICON_NAME = "AppIcon${BUNDLE_ID_SUFFIX}";
				ASSETCATALOG_COMPILER_LAUNCHIMAGE_NAME = LaunchImage;
				BUNDLE_ID_SUFFIX = .beta;
				CLANG_ENABLE_OBJC_ARC = YES;
				CODE_SIGN_IDENTITY = "iPhone Developer";
				"CODE_SIGN_IDENTITY[sdk=iphoneos*]" = "iPhone Developer";
				COPY_PHASE_STRIP = YES;
				ENABLE_BITCODE = NO;
				GCC_PRECOMPILE_PREFIX_HEADER = YES;
				GCC_PREFIX_HEADER = WorkoutList_Prefix.pch;
				GCC_THUMB_SUPPORT = NO;
				GCC_VERSION = com.apple.compilers.llvm.clang.1_0;
				INFOPLIST_FILE = "WorkoutList-Info.plist";
				IPHONEOS_DEPLOYMENT_TARGET = 8.0;
				LIBRARY_SEARCH_PATHS = (
					"$(inherited)",
					"$(PROJECT_DIR)/Pods/Google/Libraries",
					"$(PROJECT_DIR)/Pods/GoogleAppUtilities/Libraries",
					"$(PROJECT_DIR)/Pods/GoogleAuthUtilities/Libraries",
					"$(PROJECT_DIR)/Pods/GoogleInterchangeUtilities/Libraries",
					"$(PROJECT_DIR)/Pods/GoogleNetworkingUtilities/Libraries",
					"$(PROJECT_DIR)/Pods/GoogleSignIn/Libraries",
					"$(PROJECT_DIR)/Pods/GoogleSymbolUtilities/Libraries",
					"$(PROJECT_DIR)/Pods/GoogleUtilities/Libraries",
				);
				PRODUCT_BUNDLE_IDENTIFIER = "com.deansapps.workoutlist$(BUNDLE_ID_SUFFIX)";
				PRODUCT_NAME = "WorkoutList-Beta";
				PROVISIONING_PROFILE = "";
				USER_HEADER_SEARCH_PATHS = /usr/include/libxml2;
				VALIDATE_PRODUCT = YES;
			};
			name = Beta;
		};
		1D6058940D05DD3E006BFB54 /* Debug */ = {
			isa = XCBuildConfiguration;
			baseConfigurationReference = C7D268819155A1060AE1EB86 /* Pods.debug.xcconfig */;
			buildSettings = {
				ALWAYS_SEARCH_USER_PATHS = NO;
				ASSETCATALOG_COMPILER_APPICON_NAME = "AppIcon${BUNDLE_ID_SUFFIX}";
				ASSETCATALOG_COMPILER_LAUNCHIMAGE_NAME = LaunchImage;
				BUNDLE_ID_SUFFIX = .dev;
				CLANG_ENABLE_OBJC_ARC = YES;
				CODE_SIGN_IDENTITY = "iPhone Developer";
				"CODE_SIGN_IDENTITY[sdk=iphoneos*]" = "iPhone Developer";
				COPY_PHASE_STRIP = NO;
				ENABLE_BITCODE = NO;
				GCC_DYNAMIC_NO_PIC = NO;
				GCC_OPTIMIZATION_LEVEL = 0;
				GCC_PRECOMPILE_PREFIX_HEADER = YES;
				GCC_PREFIX_HEADER = WorkoutList_Prefix.pch;
				GCC_THUMB_SUPPORT = NO;
				GCC_VERSION = com.apple.compilers.llvm.clang.1_0;
				INFOPLIST_FILE = "WorkoutList-Info.plist";
				IPHONEOS_DEPLOYMENT_TARGET = 8.0;
				LIBRARY_SEARCH_PATHS = (
					"$(inherited)",
					"$(PROJECT_DIR)/Pods/Google/Libraries",
					"$(PROJECT_DIR)/Pods/GoogleAppUtilities/Libraries",
					"$(PROJECT_DIR)/Pods/GoogleAuthUtilities/Libraries",
					"$(PROJECT_DIR)/Pods/GoogleInterchangeUtilities/Libraries",
					"$(PROJECT_DIR)/Pods/GoogleNetworkingUtilities/Libraries",
					"$(PROJECT_DIR)/Pods/GoogleSignIn/Libraries",
					"$(PROJECT_DIR)/Pods/GoogleSymbolUtilities/Libraries",
					"$(PROJECT_DIR)/Pods/GoogleUtilities/Libraries",
				);
				PRODUCT_BUNDLE_IDENTIFIER = "com.deansapps.workoutlist$(BUNDLE_ID_SUFFIX)";
				PRODUCT_NAME = WorkoutList;
				PROVISIONING_PROFILE = "";
				"PROVISIONING_PROFILE[sdk=iphoneos*]" = "";
				USER_HEADER_SEARCH_PATHS = /usr/include/libxml2;
			};
			name = Debug;
		};
		1D6058950D05DD3E006BFB54 /* Release */ = {
			isa = XCBuildConfiguration;
			baseConfigurationReference = E888A5499DC6DF3A73FFBD05 /* Pods.release.xcconfig */;
			buildSettings = {
				ALWAYS_SEARCH_USER_PATHS = NO;
				ASSETCATALOG_COMPILER_APPICON_NAME = "AppIcon${BUNDLE_ID_SUFFIX}";
				ASSETCATALOG_COMPILER_LAUNCHIMAGE_NAME = LaunchImage;
				BUNDLE_ID_SUFFIX = "";
				CLANG_ENABLE_OBJC_ARC = YES;
				CODE_SIGN_IDENTITY = "iPhone Developer";
				"CODE_SIGN_IDENTITY[sdk=iphoneos*]" = "iPhone Developer";
				COPY_PHASE_STRIP = YES;
				ENABLE_BITCODE = NO;
				GCC_PRECOMPILE_PREFIX_HEADER = YES;
				GCC_PREFIX_HEADER = WorkoutList_Prefix.pch;
				GCC_THUMB_SUPPORT = NO;
				GCC_VERSION = com.apple.compilers.llvm.clang.1_0;
				INFOPLIST_FILE = "WorkoutList-Info.plist";
				IPHONEOS_DEPLOYMENT_TARGET = 8.0;
				LIBRARY_SEARCH_PATHS = (
					"$(inherited)",
					"$(PROJECT_DIR)/Pods/Google/Libraries",
					"$(PROJECT_DIR)/Pods/GoogleAppUtilities/Libraries",
					"$(PROJECT_DIR)/Pods/GoogleAuthUtilities/Libraries",
					"$(PROJECT_DIR)/Pods/GoogleInterchangeUtilities/Libraries",
					"$(PROJECT_DIR)/Pods/GoogleNetworkingUtilities/Libraries",
					"$(PROJECT_DIR)/Pods/GoogleSignIn/Libraries",
					"$(PROJECT_DIR)/Pods/GoogleSymbolUtilities/Libraries",
					"$(PROJECT_DIR)/Pods/GoogleUtilities/Libraries",
				);
				PRODUCT_BUNDLE_IDENTIFIER = "com.deansapps.workoutlist$(BUNDLE_ID_SUFFIX)";
				PRODUCT_NAME = WorkoutList;
				PROVISIONING_PROFILE = "";
				USER_HEADER_SEARCH_PATHS = /usr/include/libxml2;
				VALIDATE_PRODUCT = YES;
			};
			name = Release;
		};
		C01FCF4F08A954540054247B /* Debug */ = {
			isa = XCBuildConfiguration;
			buildSettings = {
				CLANG_ANALYZER_LOCALIZABILITY_NONLOCALIZED = YES;
				CLANG_WARN_BLOCK_CAPTURE_AUTORELEASING = YES;
				CLANG_WARN_BOOL_CONVERSION = YES;
				CLANG_WARN_COMMA = YES;
				CLANG_WARN_CONSTANT_CONVERSION = YES;
				CLANG_WARN_EMPTY_BODY = YES;
				CLANG_WARN_ENUM_CONVERSION = YES;
				CLANG_WARN_INFINITE_RECURSION = YES;
				CLANG_WARN_INT_CONVERSION = YES;
				CLANG_WARN_NON_LITERAL_NULL_CONVERSION = YES;
				CLANG_WARN_OBJC_LITERAL_CONVERSION = YES;
				CLANG_WARN_RANGE_LOOP_ANALYSIS = YES;
				CLANG_WARN_STRICT_PROTOTYPES = YES;
				CLANG_WARN_SUSPICIOUS_MOVE = YES;
				CLANG_WARN_UNREACHABLE_CODE = YES;
				CLANG_WARN__DUPLICATE_METHOD_MATCH = YES;
				"CODE_SIGN_IDENTITY[sdk=*]" = "iPhone Developer";
				ENABLE_STRICT_OBJC_MSGSEND = YES;
				ENABLE_TESTABILITY = YES;
				GCC_C_LANGUAGE_STANDARD = c99;
				GCC_NO_COMMON_BLOCKS = YES;
				GCC_WARN_64_TO_32_BIT_CONVERSION = YES;
				GCC_WARN_ABOUT_RETURN_TYPE = YES;
				GCC_WARN_UNDECLARED_SELECTOR = YES;
				GCC_WARN_UNINITIALIZED_AUTOS = YES;
				GCC_WARN_UNUSED_FUNCTION = YES;
				GCC_WARN_UNUSED_VARIABLE = YES;
				HEADER_SEARCH_PATHS = /usr/include/libxml2;
				IPHONEOS_DEPLOYMENT_TARGET = 8.0;
				ONLY_ACTIVE_ARCH = YES;
				"PROVISIONING_PROFILE[sdk=*]" = "";
				SDKROOT = iphoneos;
			};
			name = Debug;
		};
		C01FCF5008A954540054247B /* Release */ = {
			isa = XCBuildConfiguration;
			buildSettings = {
				CLANG_ANALYZER_LOCALIZABILITY_NONLOCALIZED = YES;
				CLANG_WARN_BLOCK_CAPTURE_AUTORELEASING = YES;
				CLANG_WARN_BOOL_CONVERSION = YES;
				CLANG_WARN_COMMA = YES;
				CLANG_WARN_CONSTANT_CONVERSION = YES;
				CLANG_WARN_EMPTY_BODY = YES;
				CLANG_WARN_ENUM_CONVERSION = YES;
				CLANG_WARN_INFINITE_RECURSION = YES;
				CLANG_WARN_INT_CONVERSION = YES;
				CLANG_WARN_NON_LITERAL_NULL_CONVERSION = YES;
				CLANG_WARN_OBJC_LITERAL_CONVERSION = YES;
				CLANG_WARN_RANGE_LOOP_ANALYSIS = YES;
				CLANG_WARN_STRICT_PROTOTYPES = YES;
				CLANG_WARN_SUSPICIOUS_MOVE = YES;
				CLANG_WARN_UNREACHABLE_CODE = YES;
				CLANG_WARN__DUPLICATE_METHOD_MATCH = YES;
				"CODE_SIGN_IDENTITY[sdk=iphoneos*]" = "iPhone Developer";
				ENABLE_STRICT_OBJC_MSGSEND = YES;
				GCC_C_LANGUAGE_STANDARD = c99;
				GCC_NO_COMMON_BLOCKS = YES;
				GCC_WARN_64_TO_32_BIT_CONVERSION = YES;
				GCC_WARN_ABOUT_RETURN_TYPE = YES;
				GCC_WARN_UNDECLARED_SELECTOR = YES;
				GCC_WARN_UNINITIALIZED_AUTOS = YES;
				GCC_WARN_UNUSED_FUNCTION = YES;
				GCC_WARN_UNUSED_VARIABLE = YES;
				IPHONEOS_DEPLOYMENT_TARGET = 8.0;
				OTHER_CFLAGS = "-DNS_BLOCK_ASSERTIONS=1";
				SDKROOT = iphoneos;
			};
			name = Release;
		};
/* End XCBuildConfiguration section */

/* Begin XCConfigurationList section */
		1D6058960D05DD3E006BFB54 /* Build configuration list for PBXNativeTarget "WorkoutList" */ = {
			isa = XCConfigurationList;
			buildConfigurations = (
				1D6058940D05DD3E006BFB54 /* Debug */,
				1D6058950D05DD3E006BFB54 /* Release */,
				052980091BB5F8BA008B1493 /* Beta */,
			);
			defaultConfigurationIsVisible = 0;
			defaultConfigurationName = Release;
		};
		C01FCF4E08A954540054247B /* Build configuration list for PBXProject "WorkoutList" */ = {
			isa = XCConfigurationList;
			buildConfigurations = (
				C01FCF4F08A954540054247B /* Debug */,
				C01FCF5008A954540054247B /* Release */,
				052980081BB5F8BA008B1493 /* Beta */,
			);
			defaultConfigurationIsVisible = 0;
			defaultConfigurationName = Release;
		};
/* End XCConfigurationList section */
	};
	rootObject = 29B97313FDCFA39411CA2CEA /* Project object */;
}
